
Microsoft Visual Studio Solution File, Format Version 12.00
# Visual Studio 15
VisualStudioVersion = 15.0.27703.2026
MinimumVisualStudioVersion = 10.0.40219.1
Project("{FAE04EC0-301F-11D3-BF4B-00C04F79EFBC}") = "FFTriadBuddy", "sources\FFTriadBuddy.csproj", "{4FE48C06-9E9C-46C9-A53E-CFE06EFDCBDC}"
EndProject
Global
	GlobalSection(SolutionConfigurationPlatforms) = preSolution
		Debug|Any CPU = Debug|Any CPU
		Release|Any CPU = Release|Any CPU
	EndGlobalSection
	GlobalSection(ProjectConfigurationPlatforms) = postSolution
		{4FE48C06-9E9C-46C9-A53E-CFE06EFDCBDC}.Debug|Any CPU.ActiveCfg = Debug|Any CPU
		{4FE48C06-9E9C-46C9-A53E-CFE06EFDCBDC}.Debug|Any CPU.Build.0 = Debug|Any CPU
		{4FE48C06-9E9C-46C9-A53E-CFE06EFDCBDC}.Release|Any CPU.ActiveCfg = Release|Any CPU
		{4FE48C06-9E9C-46C9-A53E-CFE06EFDCBDC}.Release|Any CPU.Build.0 = Release|Any CPU
	EndGlobalSection
	GlobalSection(SolutionProperties) = preSolution
		HideSolutionNode = FALSE
	EndGlobalSection
	GlobalSection(ExtensibilityGlobals) = postSolution
		SolutionGuid = {4BB10FD8-07CE-4000-A373-6D18CE17C244}
	EndGlobalSection
EndGlobal
